
Microsoft Visual Studio Solution File, Format Version 12.00
# Visual Studio 14
VisualStudioVersion = 14.0.24720.0
MinimumVisualStudioVersion = 10.0.40219.1
Project("{FAE04EC0-301F-11D3-BF4B-00C04F79EFBC}") = "SocketClientView", "SocketClientView\SocketClientView.csproj", "{6827B231-7B8E-4B66-9EFB-E3C6D503D2E7}"
EndProject
Project("{FAE04EC0-301F-11D3-BF4B-00C04F79EFBC}") = "SocketClientController", "SocketClientController\SocketClientController.csproj", "{99243D3C-ADFA-456E-A43D-BB218A3B0A47}"
EndProject
Project("{2150E333-8FDC-42A3-9474-1A3956D46DE8}") = "Client", "Client", "{D97A1C30-4757-4761-897B-6BD5520D0189}"
EndProject
Project("{2150E333-8FDC-42A3-9474-1A3956D46DE8}") = "Server", "Server", "{068D57D2-D54A-46B9-B93F-2B7EDCF1E25F}"
EndProject
Project("{2150E333-8FDC-42A3-9474-1A3956D46DE8}") = "Common", "Common", "{61EE07EF-574F-4B8C-824C-93B508E75788}"
EndProject
Project("{FAE04EC0-301F-11D3-BF4B-00C04F79EFBC}") = "SocketServerView", "SocketServerView\SocketServerView.csproj", "{21017652-3010-473C-B756-ABA46C7976B3}"
EndProject
Project("{FAE04EC0-301F-11D3-BF4B-00C04F79EFBC}") = "SocketServerController", "SocketServerController\SocketServerController.csproj", "{DBBC5692-BCC5-40F7-A599-6AB8A0EBFC2D}"
EndProject
Project("{FAE04EC0-301F-11D3-BF4B-00C04F79EFBC}") = "SocketCommon", "SocketCommon\SocketCommon.csproj", "{B7D24F3D-1075-42BE-A5CE-72BDD05BD467}"
EndProject
Global
	GlobalSection(SolutionConfigurationPlatforms) = preSolution
		Debug|Any CPU = Debug|Any CPU
		Release|Any CPU = Release|Any CPU
	EndGlobalSection
	GlobalSection(ProjectConfigurationPlatforms) = postSolution
		{6827B231-7B8E-4B66-9EFB-E3C6D503D2E7}.Debug|Any CPU.ActiveCfg = Debug|Any CPU
		{6827B231-7B8E-4B66-9EFB-E3C6D503D2E7}.Debug|Any CPU.Build.0 = Debug|Any CPU
		{6827B231-7B8E-4B66-9EFB-E3C6D503D2E7}.Release|Any CPU.ActiveCfg = Release|Any CPU
		{6827B231-7B8E-4B66-9EFB-E3C6D503D2E7}.Release|Any CPU.Build.0 = Release|Any CPU
		{99243D3C-ADFA-456E-A43D-BB218A3B0A47}.Debug|Any CPU.ActiveCfg = Debug|Any CPU
		{99243D3C-ADFA-456E-A43D-BB218A3B0A47}.Debug|Any CPU.Build.0 = Debug|Any CPU
		{99243D3C-ADFA-456E-A43D-BB218A3B0A47}.Release|Any CPU.ActiveCfg = Release|Any CPU
		{99243D3C-ADFA-456E-A43D-BB218A3B0A47}.Release|Any CPU.Build.0 = Release|Any CPU
		{21017652-3010-473C-B756-ABA46C7976B3}.Debug|Any CPU.ActiveCfg = Debug|Any CPU
		{21017652-3010-473C-B756-ABA46C7976B3}.Debug|Any CPU.Build.0 = Debug|Any CPU
		{21017652-3010-473C-B756-ABA46C7976B3}.Release|Any CPU.ActiveCfg = Release|Any CPU
		{21017652-3010-473C-B756-ABA46C7976B3}.Release|Any CPU.Build.0 = Release|Any CPU
		{DBBC5692-BCC5-40F7-A599-6AB8A0EBFC2D}.Debug|Any CPU.ActiveCfg = Debug|Any CPU
		{DBBC5692-BCC5-40F7-A599-6AB8A0EBFC2D}.Debug|Any CPU.Build.0 = Debug|Any CPU
		{DBBC5692-BCC5-40F7-A599-6AB8A0EBFC2D}.Release|Any CPU.ActiveCfg = Release|Any CPU
		{DBBC5692-BCC5-40F7-A599-6AB8A0EBFC2D}.Release|Any CPU.Build.0 = Release|Any CPU
		{B7D24F3D-1075-42BE-A5CE-72BDD05BD467}.Debug|Any CPU.ActiveCfg = Debug|Any CPU
		{B7D24F3D-1075-42BE-A5CE-72BDD05BD467}.Debug|Any CPU.Build.0 = Debug|Any CPU
		{B7D24F3D-1075-42BE-A5CE-72BDD05BD467}.Release|Any CPU.ActiveCfg = Release|Any CPU
		{B7D24F3D-1075-42BE-A5CE-72BDD05BD467}.Release|Any CPU.Build.0 = Release|Any CPU
	EndGlobalSection
	GlobalSection(SolutionProperties) = preSolution
		HideSolutionNode = FALSE
	EndGlobalSection
	GlobalSection(NestedProjects) = preSolution
		{6827B231-7B8E-4B66-9EFB-E3C6D503D2E7} = {D97A1C30-4757-4761-897B-6BD5520D0189}
		{99243D3C-ADFA-456E-A43D-BB218A3B0A47} = {D97A1C30-4757-4761-897B-6BD5520D0189}
		{21017652-3010-473C-B756-ABA46C7976B3} = {068D57D2-D54A-46B9-B93F-2B7EDCF1E25F}
		{DBBC5692-BCC5-40F7-A599-6AB8A0EBFC2D} = {068D57D2-D54A-46B9-B93F-2B7EDCF1E25F}
		{B7D24F3D-1075-42BE-A5CE-72BDD05BD467} = {61EE07EF-574F-4B8C-824C-93B508E75788}
	EndGlobalSection
EndGlobal
