
Microsoft Visual Studio Solution File, Format Version 12.00
# Visual Studio 14
VisualStudioVersion = 14.0.24720.0
MinimumVisualStudioVersion = 10.0.40219.1
Project("{FAE04EC0-301F-11D3-BF4B-00C04F79EFBC}") = "SocketClientView", "SocketClientView\SocketClientView.csproj", "{6827B231-7B8E-4B66-9EFB-E3C6D503D2E7}"
EndProject
Project("{FAE04EC0-301F-11D3-BF4B-00C04F79EFBC}") = "SocketClientController", "SocketClientController\SocketClientController.csproj", "{99243D3C-ADFA-456E-A43D-BB218A3B0A47}"
EndProject
Project("{FAE04EC0-301F-11D3-BF4B-00C04F79EFBC}") = "SocketMessageModel", "SocketMessageModel\SocketMessageModel.csproj", "{6733C848-C0B0-4756-8726-0D74B47E8EC2}"
EndProject
Global
	GlobalSection(SolutionConfigurationPlatforms) = preSolution
		Debug|Any CPU = Debug|Any CPU
		Release|Any CPU = Release|Any CPU
	EndGlobalSection
	GlobalSection(ProjectConfigurationPlatforms) = postSolution
		{6827B231-7B8E-4B66-9EFB-E3C6D503D2E7}.Debug|Any CPU.ActiveCfg = Debug|Any CPU
		{6827B231-7B8E-4B66-9EFB-E3C6D503D2E7}.Debug|Any CPU.Build.0 = Debug|Any CPU
		{6827B231-7B8E-4B66-9EFB-E3C6D503D2E7}.Release|Any CPU.ActiveCfg = Release|Any CPU
		{6827B231-7B8E-4B66-9EFB-E3C6D503D2E7}.Release|Any CPU.Build.0 = Release|Any CPU
		{99243D3C-ADFA-456E-A43D-BB218A3B0A47}.Debug|Any CPU.ActiveCfg = Debug|Any CPU
		{99243D3C-ADFA-456E-A43D-BB218A3B0A47}.Debug|Any CPU.Build.0 = Debug|Any CPU
		{99243D3C-ADFA-456E-A43D-BB218A3B0A47}.Release|Any CPU.ActiveCfg = Release|Any CPU
		{99243D3C-ADFA-456E-A43D-BB218A3B0A47}.Release|Any CPU.Build.0 = Release|Any CPU
		{6733C848-C0B0-4756-8726-0D74B47E8EC2}.Debug|Any CPU.ActiveCfg = Debug|Any CPU
		{6733C848-C0B0-4756-8726-0D74B47E8EC2}.Debug|Any CPU.Build.0 = Debug|Any CPU
		{6733C848-C0B0-4756-8726-0D74B47E8EC2}.Release|Any CPU.ActiveCfg = Release|Any CPU
		{6733C848-C0B0-4756-8726-0D74B47E8EC2}.Release|Any CPU.Build.0 = Release|Any CPU
	EndGlobalSection
	GlobalSection(SolutionProperties) = preSolution
		HideSolutionNode = FALSE
	EndGlobalSection
EndGlobal
